// !$*UTF8*$!
{
	archiveVersion = 1;
	classes = {
	};
	objectVersion = 50;
	objects = {

/* Begin PBXBuildFile section */
		15B6FA4426B3DD2900BE570F /* CarfaxListApp.swift in Sources */ = {isa = PBXBuildFile; fileRef = 15B6FA4326B3DD2900BE570F /* CarfaxListApp.swift */; };
		15B6FA4626B3DD2900BE570F /* VehicleListView.swift in Sources */ = {isa = PBXBuildFile; fileRef = 15B6FA4526B3DD2900BE570F /* VehicleListView.swift */; };
		15B6FA4826B3DD3100BE570F /* Assets.xcassets in Resources */ = {isa = PBXBuildFile; fileRef = 15B6FA4726B3DD3100BE570F /* Assets.xcassets */; };
		15B6FA4B26B3DD3100BE570F /* Preview Assets.xcassets in Resources */ = {isa = PBXBuildFile; fileRef = 15B6FA4A26B3DD3100BE570F /* Preview Assets.xcassets */; };
		15B6FA5626B3DD3200BE570F /* CarfaxListTests.swift in Sources */ = {isa = PBXBuildFile; fileRef = 15B6FA5526B3DD3200BE570F /* CarfaxListTests.swift */; };
		15B6FA6126B3DD3200BE570F /* CarfaxListUITests.swift in Sources */ = {isa = PBXBuildFile; fileRef = 15B6FA6026B3DD3200BE570F /* CarfaxListUITests.swift */; };
		15B6FA7226B3DF6200BE570F /* HTTPManager.swift in Sources */ = {isa = PBXBuildFile; fileRef = 15B6FA7126B3DF6200BE570F /* HTTPManager.swift */; };
		15B6FA7426B3DFA300BE570F /* CarfaxService.swift in Sources */ = {isa = PBXBuildFile; fileRef = 15B6FA7326B3DFA300BE570F /* CarfaxService.swift */; };
		15B6FA7726B3E2FB00BE570F /* Vehicle.swift in Sources */ = {isa = PBXBuildFile; fileRef = 15B6FA7626B3E2FB00BE570F /* Vehicle.swift */; };
		15B6FA7926B3EA2200BE570F /* Dealer.swift in Sources */ = {isa = PBXBuildFile; fileRef = 15B6FA7826B3EA2200BE570F /* Dealer.swift */; };
		15B6FA7D26B3F06100BE570F /* VehicleListViewModel.swift in Sources */ = {isa = PBXBuildFile; fileRef = 15B6FA7C26B3F06100BE570F /* VehicleListViewModel.swift */; };
		15B6FA8126B3F30900BE570F /* VehicleRowView.swift in Sources */ = {isa = PBXBuildFile; fileRef = 15B6FA8026B3F30900BE570F /* VehicleRowView.swift */; };
		15B6FA8626B3F65C00BE570F /* AsyncImage.swift in Sources */ = {isa = PBXBuildFile; fileRef = 15B6FA8526B3F65C00BE570F /* AsyncImage.swift */; };
		15B6FA8826B3F69600BE570F /* ImageCache.swift in Sources */ = {isa = PBXBuildFile; fileRef = 15B6FA8726B3F69600BE570F /* ImageCache.swift */; };
		15B6FA8A26B3F6A200BE570F /* ImageLoader.swift in Sources */ = {isa = PBXBuildFile; fileRef = 15B6FA8926B3F6A200BE570F /* ImageLoader.swift */; };
		15B6FA8C26B3F73000BE570F /* EnvironmentValues+ImageCache.swift in Sources */ = {isa = PBXBuildFile; fileRef = 15B6FA8B26B3F73000BE570F /* EnvironmentValues+ImageCache.swift */; };
		15B6FA8E26B4014500BE570F /* Color+Custom.swift in Sources */ = {isa = PBXBuildFile; fileRef = 15B6FA8D26B4014500BE570F /* Color+Custom.swift */; };
/* End PBXBuildFile section */

/* Begin PBXContainerItemProxy section */
		15B6FA5226B3DD3200BE570F /* PBXContainerItemProxy */ = {
			isa = PBXContainerItemProxy;
			containerPortal = 15B6FA3826B3DD2900BE570F /* Project object */;
			proxyType = 1;
			remoteGlobalIDString = 15B6FA3F26B3DD2900BE570F;
			remoteInfo = CarfaxList;
		};
		15B6FA5D26B3DD3200BE570F /* PBXContainerItemProxy */ = {
			isa = PBXContainerItemProxy;
			containerPortal = 15B6FA3826B3DD2900BE570F /* Project object */;
			proxyType = 1;
			remoteGlobalIDString = 15B6FA3F26B3DD2900BE570F;
			remoteInfo = CarfaxList;
		};
/* End PBXContainerItemProxy section */

/* Begin PBXFileReference section */
		15B6FA4026B3DD2900BE570F /* CarfaxList.app */ = {isa = PBXFileReference; explicitFileType = wrapper.application; includeInIndex = 0; path = CarfaxList.app; sourceTree = BUILT_PRODUCTS_DIR; };
		15B6FA4326B3DD2900BE570F /* CarfaxListApp.swift */ = {isa = PBXFileReference; lastKnownFileType = sourcecode.swift; path = CarfaxListApp.swift; sourceTree = "<group>"; };
		15B6FA4526B3DD2900BE570F /* VehicleListView.swift */ = {isa = PBXFileReference; lastKnownFileType = sourcecode.swift; path = VehicleListView.swift; sourceTree = "<group>"; };
		15B6FA4726B3DD3100BE570F /* Assets.xcassets */ = {isa = PBXFileReference; lastKnownFileType = folder.assetcatalog; path = Assets.xcassets; sourceTree = "<group>"; };
		15B6FA4A26B3DD3100BE570F /* Preview Assets.xcassets */ = {isa = PBXFileReference; lastKnownFileType = folder.assetcatalog; path = "Preview Assets.xcassets"; sourceTree = "<group>"; };
		15B6FA4C26B3DD3100BE570F /* Info.plist */ = {isa = PBXFileReference; lastKnownFileType = text.plist.xml; path = Info.plist; sourceTree = "<group>"; };
		15B6FA5126B3DD3200BE570F /* CarfaxListTests.xctest */ = {isa = PBXFileReference; explicitFileType = wrapper.cfbundle; includeInIndex = 0; path = CarfaxListTests.xctest; sourceTree = BUILT_PRODUCTS_DIR; };
		15B6FA5526B3DD3200BE570F /* CarfaxListTests.swift */ = {isa = PBXFileReference; lastKnownFileType = sourcecode.swift; path = CarfaxListTests.swift; sourceTree = "<group>"; };
		15B6FA5726B3DD3200BE570F /* Info.plist */ = {isa = PBXFileReference; lastKnownFileType = text.plist.xml; path = Info.plist; sourceTree = "<group>"; };
		15B6FA5C26B3DD3200BE570F /* CarfaxListUITests.xctest */ = {isa = PBXFileReference; explicitFileType = wrapper.cfbundle; includeInIndex = 0; path = CarfaxListUITests.xctest; sourceTree = BUILT_PRODUCTS_DIR; };
		15B6FA6026B3DD3200BE570F /* CarfaxListUITests.swift */ = {isa = PBXFileReference; lastKnownFileType = sourcecode.swift; path = CarfaxListUITests.swift; sourceTree = "<group>"; };
		15B6FA6226B3DD3200BE570F /* Info.plist */ = {isa = PBXFileReference; lastKnownFileType = text.plist.xml; path = Info.plist; sourceTree = "<group>"; };
		15B6FA7126B3DF6200BE570F /* HTTPManager.swift */ = {isa = PBXFileReference; lastKnownFileType = sourcecode.swift; path = HTTPManager.swift; sourceTree = "<group>"; };
		15B6FA7326B3DFA300BE570F /* CarfaxService.swift */ = {isa = PBXFileReference; lastKnownFileType = sourcecode.swift; path = CarfaxService.swift; sourceTree = "<group>"; };
		15B6FA7626B3E2FB00BE570F /* Vehicle.swift */ = {isa = PBXFileReference; lastKnownFileType = sourcecode.swift; path = Vehicle.swift; sourceTree = "<group>"; };
		15B6FA7826B3EA2200BE570F /* Dealer.swift */ = {isa = PBXFileReference; lastKnownFileType = sourcecode.swift; path = Dealer.swift; sourceTree = "<group>"; };
		15B6FA7C26B3F06100BE570F /* VehicleListViewModel.swift */ = {isa = PBXFileReference; lastKnownFileType = sourcecode.swift; path = VehicleListViewModel.swift; sourceTree = "<group>"; };
		15B6FA8026B3F30900BE570F /* VehicleRowView.swift */ = {isa = PBXFileReference; lastKnownFileType = sourcecode.swift; path = VehicleRowView.swift; sourceTree = "<group>"; };
		15B6FA8526B3F65C00BE570F /* AsyncImage.swift */ = {isa = PBXFileReference; lastKnownFileType = sourcecode.swift; path = AsyncImage.swift; sourceTree = "<group>"; };
		15B6FA8726B3F69600BE570F /* ImageCache.swift */ = {isa = PBXFileReference; lastKnownFileType = sourcecode.swift; path = ImageCache.swift; sourceTree = "<group>"; };
		15B6FA8926B3F6A200BE570F /* ImageLoader.swift */ = {isa = PBXFileReference; lastKnownFileType = sourcecode.swift; path = ImageLoader.swift; sourceTree = "<group>"; };
		15B6FA8B26B3F73000BE570F /* EnvironmentValues+ImageCache.swift */ = {isa = PBXFileReference; lastKnownFileType = sourcecode.swift; path = "EnvironmentValues+ImageCache.swift"; sourceTree = "<group>"; };
		15B6FA8D26B4014500BE570F /* Color+Custom.swift */ = {isa = PBXFileReference; lastKnownFileType = sourcecode.swift; path = "Color+Custom.swift"; sourceTree = "<group>"; };
/* End PBXFileReference section */

/* Begin PBXFrameworksBuildPhase section */
		15B6FA3D26B3DD2900BE570F /* Frameworks */ = {
			isa = PBXFrameworksBuildPhase;
			buildActionMask = 2147483647;
			files = (
			);
			runOnlyForDeploymentPostprocessing = 0;
		};
		15B6FA4E26B3DD3200BE570F /* Frameworks */ = {
			isa = PBXFrameworksBuildPhase;
			buildActionMask = 2147483647;
			files = (
			);
			runOnlyForDeploymentPostprocessing = 0;
		};
		15B6FA5926B3DD3200BE570F /* Frameworks */ = {
			isa = PBXFrameworksBuildPhase;
			buildActionMask = 2147483647;
			files = (
			);
			runOnlyForDeploymentPostprocessing = 0;
		};
/* End PBXFrameworksBuildPhase section */

/* Begin PBXGroup section */
		15B6FA3726B3DD2900BE570F = {
			isa = PBXGroup;
			children = (
				15B6FA4226B3DD2900BE570F /* CarfaxList */,
				15B6FA5426B3DD3200BE570F /* CarfaxListTests */,
				15B6FA5F26B3DD3200BE570F /* CarfaxListUITests */,
				15B6FA4126B3DD2900BE570F /* Products */,
			);
			sourceTree = "<group>";
		};
		15B6FA4126B3DD2900BE570F /* Products */ = {
			isa = PBXGroup;
			children = (
				15B6FA4026B3DD2900BE570F /* CarfaxList.app */,
				15B6FA5126B3DD3200BE570F /* CarfaxListTests.xctest */,
				15B6FA5C26B3DD3200BE570F /* CarfaxListUITests.xctest */,
			);
			name = Products;
			sourceTree = "<group>";
		};
		15B6FA4226B3DD2900BE570F /* CarfaxList */ = {
			isa = PBXGroup;
			children = (
				15B6FA7526B3E2D700BE570F /* Models */,
				15B6FA6F26B3DF3100BE570F /* Helpers */,
				15B6FA7026B3DF4000BE570F /* Services */,
				15B6FA7A26B3EFFB00BE570F /* View */,
				15B6FA4326B3DD2900BE570F /* CarfaxListApp.swift */,
				15B6FA4726B3DD3100BE570F /* Assets.xcassets */,
				15B6FA4C26B3DD3100BE570F /* Info.plist */,
				15B6FA4926B3DD3100BE570F /* Preview Content */,
			);
			path = CarfaxList;
			sourceTree = "<group>";
		};
		15B6FA4926B3DD3100BE570F /* Preview Content */ = {
			isa = PBXGroup;
			children = (
				15B6FA4A26B3DD3100BE570F /* Preview Assets.xcassets */,
			);
			path = "Preview Content";
			sourceTree = "<group>";
		};
		15B6FA5426B3DD3200BE570F /* CarfaxListTests */ = {
			isa = PBXGroup;
			children = (
				15B6FA5526B3DD3200BE570F /* CarfaxListTests.swift */,
				15B6FA5726B3DD3200BE570F /* Info.plist */,
			);
			path = CarfaxListTests;
			sourceTree = "<group>";
		};
		15B6FA5F26B3DD3200BE570F /* CarfaxListUITests */ = {
			isa = PBXGroup;
			children = (
				15B6FA6026B3DD3200BE570F /* CarfaxListUITests.swift */,
				15B6FA6226B3DD3200BE570F /* Info.plist */,
			);
			path = CarfaxListUITests;
			sourceTree = "<group>";
		};
		15B6FA6F26B3DF3100BE570F /* Helpers */ = {
			isa = PBXGroup;
			children = (
				15B6FA8426B3F60500BE570F /* AsyncImage */,
				15B6FA7126B3DF6200BE570F /* HTTPManager.swift */,
				15B6FA8D26B4014500BE570F /* Color+Custom.swift */,
			);
			path = Helpers;
			sourceTree = "<group>";
		};
		15B6FA7026B3DF4000BE570F /* Services */ = {
			isa = PBXGroup;
			children = (
				15B6FA7326B3DFA300BE570F /* CarfaxService.swift */,
			);
			path = Services;
			sourceTree = "<group>";
		};
		15B6FA7526B3E2D700BE570F /* Models */ = {
			isa = PBXGroup;
			children = (
				15B6FA7626B3E2FB00BE570F /* Vehicle.swift */,
				15B6FA7826B3EA2200BE570F /* Dealer.swift */,
			);
			path = Models;
			sourceTree = "<group>";
		};
		15B6FA7A26B3EFFB00BE570F /* View */ = {
			isa = PBXGroup;
			children = (
				15B6FA7B26B3F02F00BE570F /* VehicleList */,
			);
			path = View;
			sourceTree = "<group>";
		};
		15B6FA7B26B3F02F00BE570F /* VehicleList */ = {
			isa = PBXGroup;
			children = (
				15B6FA4526B3DD2900BE570F /* VehicleListView.swift */,
				15B6FA7C26B3F06100BE570F /* VehicleListViewModel.swift */,
				15B6FA8026B3F30900BE570F /* VehicleRowView.swift */,
			);
			path = VehicleList;
			sourceTree = "<group>";
		};
		15B6FA8426B3F60500BE570F /* AsyncImage */ = {
			isa = PBXGroup;
			children = (
				15B6FA8526B3F65C00BE570F /* AsyncImage.swift */,
				15B6FA8726B3F69600BE570F /* ImageCache.swift */,
				15B6FA8926B3F6A200BE570F /* ImageLoader.swift */,
				15B6FA8B26B3F73000BE570F /* EnvironmentValues+ImageCache.swift */,
			);
			path = AsyncImage;
			sourceTree = "<group>";
		};
/* End PBXGroup section */

/* Begin PBXNativeTarget section */
		15B6FA3F26B3DD2900BE570F /* CarfaxList */ = {
			isa = PBXNativeTarget;
			buildConfigurationList = 15B6FA6526B3DD3200BE570F /* Build configuration list for PBXNativeTarget "CarfaxList" */;
			buildPhases = (
				15B6FA3C26B3DD2900BE570F /* Sources */,
				15B6FA3D26B3DD2900BE570F /* Frameworks */,
				15B6FA3E26B3DD2900BE570F /* Resources */,
			);
			buildRules = (
			);
			dependencies = (
			);
			name = CarfaxList;
			productName = CarfaxList;
			productReference = 15B6FA4026B3DD2900BE570F /* CarfaxList.app */;
			productType = "com.apple.product-type.application";
		};
		15B6FA5026B3DD3200BE570F /* CarfaxListTests */ = {
			isa = PBXNativeTarget;
			buildConfigurationList = 15B6FA6826B3DD3200BE570F /* Build configuration list for PBXNativeTarget "CarfaxListTests" */;
			buildPhases = (
				15B6FA4D26B3DD3200BE570F /* Sources */,
				15B6FA4E26B3DD3200BE570F /* Frameworks */,
				15B6FA4F26B3DD3200BE570F /* Resources */,
			);
			buildRules = (
			);
			dependencies = (
				15B6FA5326B3DD3200BE570F /* PBXTargetDependency */,
			);
			name = CarfaxListTests;
			productName = CarfaxListTests;
			productReference = 15B6FA5126B3DD3200BE570F /* CarfaxListTests.xctest */;
			productType = "com.apple.product-type.bundle.unit-test";
		};
		15B6FA5B26B3DD3200BE570F /* CarfaxListUITests */ = {
			isa = PBXNativeTarget;
			buildConfigurationList = 15B6FA6B26B3DD3200BE570F /* Build configuration list for PBXNativeTarget "CarfaxListUITests" */;
			buildPhases = (
				15B6FA5826B3DD3200BE570F /* Sources */,
				15B6FA5926B3DD3200BE570F /* Frameworks */,
				15B6FA5A26B3DD3200BE570F /* Resources */,
			);
			buildRules = (
			);
			dependencies = (
				15B6FA5E26B3DD3200BE570F /* PBXTargetDependency */,
			);
			name = CarfaxListUITests;
			productName = CarfaxListUITests;
			productReference = 15B6FA5C26B3DD3200BE570F /* CarfaxListUITests.xctest */;
			productType = "com.apple.product-type.bundle.ui-testing";
		};
/* End PBXNativeTarget section */

/* Begin PBXProject section */
		15B6FA3826B3DD2900BE570F /* Project object */ = {
			isa = PBXProject;
			attributes = {
				LastSwiftUpdateCheck = 1250;
				LastUpgradeCheck = 1250;
				TargetAttributes = {
					15B6FA3F26B3DD2900BE570F = {
						CreatedOnToolsVersion = 12.5;
					};
					15B6FA5026B3DD3200BE570F = {
						CreatedOnToolsVersion = 12.5;
						TestTargetID = 15B6FA3F26B3DD2900BE570F;
					};
					15B6FA5B26B3DD3200BE570F = {
						CreatedOnToolsVersion = 12.5;
						TestTargetID = 15B6FA3F26B3DD2900BE570F;
					};
				};
			};
			buildConfigurationList = 15B6FA3B26B3DD2900BE570F /* Build configuration list for PBXProject "CarfaxList" */;
			compatibilityVersion = "Xcode 9.3";
			developmentRegion = en;
			hasScannedForEncodings = 0;
			knownRegions = (
				en,
				Base,
			);
			mainGroup = 15B6FA3726B3DD2900BE570F;
			productRefGroup = 15B6FA4126B3DD2900BE570F /* Products */;
			projectDirPath = "";
			projectRoot = "";
			targets = (
				15B6FA3F26B3DD2900BE570F /* CarfaxList */,
				15B6FA5026B3DD3200BE570F /* CarfaxListTests */,
				15B6FA5B26B3DD3200BE570F /* CarfaxListUITests */,
			);
		};
/* End PBXProject section */

/* Begin PBXResourcesBuildPhase section */
		15B6FA3E26B3DD2900BE570F /* Resources */ = {
			isa = PBXResourcesBuildPhase;
			buildActionMask = 2147483647;
			files = (
				15B6FA4B26B3DD3100BE570F /* Preview Assets.xcassets in Resources */,
				15B6FA4826B3DD3100BE570F /* Assets.xcassets in Resources */,
			);
			runOnlyForDeploymentPostprocessing = 0;
		};
		15B6FA4F26B3DD3200BE570F /* Resources */ = {
			isa = PBXResourcesBuildPhase;
			buildActionMask = 2147483647;
			files = (
			);
			runOnlyForDeploymentPostprocessing = 0;
		};
		15B6FA5A26B3DD3200BE570F /* Resources */ = {
			isa = PBXResourcesBuildPhase;
			buildActionMask = 2147483647;
			files = (
			);
			runOnlyForDeploymentPostprocessing = 0;
		};
/* End PBXResourcesBuildPhase section */

/* Begin PBXSourcesBuildPhase section */
		15B6FA3C26B3DD2900BE570F /* Sources */ = {
			isa = PBXSourcesBuildPhase;
			buildActionMask = 2147483647;
			files = (
				15B6FA8826B3F69600BE570F /* ImageCache.swift in Sources */,
				15B6FA8626B3F65C00BE570F /* AsyncImage.swift in Sources */,
				15B6FA8A26B3F6A200BE570F /* ImageLoader.swift in Sources */,
				15B6FA7426B3DFA300BE570F /* CarfaxService.swift in Sources */,
				15B6FA8E26B4014500BE570F /* Color+Custom.swift in Sources */,
				15B6FA4626B3DD2900BE570F /* VehicleListView.swift in Sources */,
				15B6FA8126B3F30900BE570F /* VehicleRowView.swift in Sources */,
				15B6FA7926B3EA2200BE570F /* Dealer.swift in Sources */,
				15B6FA7226B3DF6200BE570F /* HTTPManager.swift in Sources */,
				15B6FA7D26B3F06100BE570F /* VehicleListViewModel.swift in Sources */,
				15B6FA7726B3E2FB00BE570F /* Vehicle.swift in Sources */,
				15B6FA4426B3DD2900BE570F /* CarfaxListApp.swift in Sources */,
				15B6FA8C26B3F73000BE570F /* EnvironmentValues+ImageCache.swift in Sources */,
			);
			runOnlyForDeploymentPostprocessing = 0;
		};
		15B6FA4D26B3DD3200BE570F /* Sources */ = {
			isa = PBXSourcesBuildPhase;
			buildActionMask = 2147483647;
			files = (
				15B6FA5626B3DD3200BE570F /* CarfaxListTests.swift in Sources */,
			);
			runOnlyForDeploymentPostprocessing = 0;
		};
		15B6FA5826B3DD3200BE570F /* Sources */ = {
			isa = PBXSourcesBuildPhase;
			buildActionMask = 2147483647;
			files = (
				15B6FA6126B3DD3200BE570F /* CarfaxListUITests.swift in Sources */,
			);
			runOnlyForDeploymentPostprocessing = 0;
		};
/* End PBXSourcesBuildPhase section */

/* Begin PBXTargetDependency section */
		15B6FA5326B3DD3200BE570F /* PBXTargetDependency */ = {
			isa = PBXTargetDependency;
			target = 15B6FA3F26B3DD2900BE570F /* CarfaxList */;
			targetProxy = 15B6FA5226B3DD3200BE570F /* PBXContainerItemProxy */;
		};
		15B6FA5E26B3DD3200BE570F /* PBXTargetDependency */ = {
			isa = PBXTargetDependency;
			target = 15B6FA3F26B3DD2900BE570F /* CarfaxList */;
			targetProxy = 15B6FA5D26B3DD3200BE570F /* PBXContainerItemProxy */;
		};
/* End PBXTargetDependency section */

/* Begin XCBuildConfiguration section */
		15B6FA6326B3DD3200BE570F /* Debug */ = {
			isa = XCBuildConfiguration;
			buildSettings = {
				ALWAYS_SEARCH_USER_PATHS = NO;
				CLANG_ANALYZER_NONNULL = YES;
				CLANG_ANALYZER_NUMBER_OBJECT_CONVERSION = YES_AGGRESSIVE;
				CLANG_CXX_LANGUAGE_STANDARD = "gnu++14";
				CLANG_CXX_LIBRARY = "libc++";
				CLANG_ENABLE_MODULES = YES;
				CLANG_ENABLE_OBJC_ARC = YES;
				CLANG_ENABLE_OBJC_WEAK = YES;
				CLANG_WARN_BLOCK_CAPTURE_AUTORELEASING = YES;
				CLANG_WARN_BOOL_CONVERSION = YES;
				CLANG_WARN_COMMA = YES;
				CLANG_WARN_CONSTANT_CONVERSION = YES;
				CLANG_WARN_DEPRECATED_OBJC_IMPLEMENTATIONS = YES;
				CLANG_WARN_DIRECT_OBJC_ISA_USAGE = YES_ERROR;
				CLANG_WARN_DOCUMENTATION_COMMENTS = YES;
				CLANG_WARN_EMPTY_BODY = YES;
				CLANG_WARN_ENUM_CONVERSION = YES;
				CLANG_WARN_INFINITE_RECURSION = YES;
				CLANG_WARN_INT_CONVERSION = YES;
				CLANG_WARN_NON_LITERAL_NULL_CONVERSION = YES;
				CLANG_WARN_OBJC_IMPLICIT_RETAIN_SELF = YES;
				CLANG_WARN_OBJC_LITERAL_CONVERSION = YES;
				CLANG_WARN_OBJC_ROOT_CLASS = YES_ERROR;
				CLANG_WARN_QUOTED_INCLUDE_IN_FRAMEWORK_HEADER = YES;
				CLANG_WARN_RANGE_LOOP_ANALYSIS = YES;
				CLANG_WARN_STRICT_PROTOTYPES = YES;
				CLANG_WARN_SUSPICIOUS_MOVE = YES;
				CLANG_WARN_UNGUARDED_AVAILABILITY = YES_AGGRESSIVE;
				CLANG_WARN_UNREACHABLE_CODE = YES;
				CLANG_WARN__DUPLICATE_METHOD_MATCH = YES;
				COPY_PHASE_STRIP = NO;
				DEBUG_INFORMATION_FORMAT = dwarf;
				ENABLE_STRICT_OBJC_MSGSEND = YES;
				ENABLE_TESTABILITY = YES;
				GCC_C_LANGUAGE_STANDARD = gnu11;
				GCC_DYNAMIC_NO_PIC = NO;
				GCC_NO_COMMON_BLOCKS = YES;
				GCC_OPTIMIZATION_LEVEL = 0;
				GCC_PREPROCESSOR_DEFINITIONS = (
					"DEBUG=1",
					"$(inherited)",
				);
				GCC_WARN_64_TO_32_BIT_CONVERSION = YES;
				GCC_WARN_ABOUT_RETURN_TYPE = YES_ERROR;
				GCC_WARN_UNDECLARED_SELECTOR = YES;
				GCC_WARN_UNINITIALIZED_AUTOS = YES_AGGRESSIVE;
				GCC_WARN_UNUSED_FUNCTION = YES;
				GCC_WARN_UNUSED_VARIABLE = YES;
				IPHONEOS_DEPLOYMENT_TARGET = 14.5;
				MTL_ENABLE_DEBUG_INFO = INCLUDE_SOURCE;
				MTL_FAST_MATH = YES;
				ONLY_ACTIVE_ARCH = YES;
				SDKROOT = iphoneos;
				SWIFT_ACTIVE_COMPILATION_CONDITIONS = DEBUG;
				SWIFT_OPTIMIZATION_LEVEL = "-Onone";
			};
			name = Debug;
		};
		15B6FA6426B3DD3200BE570F /* Release */ = {
			isa = XCBuildConfiguration;
			buildSettings = {
				ALWAYS_SEARCH_USER_PATHS = NO;
				CLANG_ANALYZER_NONNULL = YES;
				CLANG_ANALYZER_NUMBER_OBJECT_CONVERSION = YES_AGGRESSIVE;
				CLANG_CXX_LANGUAGE_STANDARD = "gnu++14";
				CLANG_CXX_LIBRARY = "libc++";
				CLANG_ENABLE_MODULES = YES;
				CLANG_ENABLE_OBJC_ARC = YES;
				CLANG_ENABLE_OBJC_WEAK = YES;
				CLANG_WARN_BLOCK_CAPTURE_AUTORELEASING = YES;
				CLANG_WARN_BOOL_CONVERSION = YES;
				CLANG_WARN_COMMA = YES;
				CLANG_WARN_CONSTANT_CONVERSION = YES;
				CLANG_WARN_DEPRECATED_OBJC_IMPLEMENTATIONS = YES;
				CLANG_WARN_DIRECT_OBJC_ISA_USAGE = YES_ERROR;
				CLANG_WARN_DOCUMENTATION_COMMENTS = YES;
				CLANG_WARN_EMPTY_BODY = YES;
				CLANG_WARN_ENUM_CONVERSION = YES;
				CLANG_WARN_INFINITE_RECURSION = YES;
				CLANG_WARN_INT_CONVERSION = YES;
				CLANG_WARN_NON_LITERAL_NULL_CONVERSION = YES;
				CLANG_WARN_OBJC_IMPLICIT_RETAIN_SELF = YES;
				CLANG_WARN_OBJC_LITERAL_CONVERSION = YES;
				CLANG_WARN_OBJC_ROOT_CLASS = YES_ERROR;
				CLANG_WARN_QUOTED_INCLUDE_IN_FRAMEWORK_HEADER = YES;
				CLANG_WARN_RANGE_LOOP_ANALYSIS = YES;
				CLANG_WARN_STRICT_PROTOTYPES = YES;
				CLANG_WARN_SUSPICIOUS_MOVE = YES;
				CLANG_WARN_UNGUARDED_AVAILABILITY = YES_AGGRESSIVE;
				CLANG_WARN_UNREACHABLE_CODE = YES;
				CLANG_WARN__DUPLICATE_METHOD_MATCH = YES;
				COPY_PHASE_STRIP = NO;
				DEBUG_INFORMATION_FORMAT = "dwarf-with-dsym";
				ENABLE_NS_ASSERTIONS = NO;
				ENABLE_STRICT_OBJC_MSGSEND = YES;
				GCC_C_LANGUAGE_STANDARD = gnu11;
				GCC_NO_COMMON_BLOCKS = YES;
				GCC_WARN_64_TO_32_BIT_CONVERSION = YES;
				GCC_WARN_ABOUT_RETURN_TYPE = YES_ERROR;
				GCC_WARN_UNDECLARED_SELECTOR = YES;
				GCC_WARN_UNINITIALIZED_AUTOS = YES_AGGRESSIVE;
				GCC_WARN_UNUSED_FUNCTION = YES;
				GCC_WARN_UNUSED_VARIABLE = YES;
				IPHONEOS_DEPLOYMENT_TARGET = 14.5;
				MTL_ENABLE_DEBUG_INFO = NO;
				MTL_FAST_MATH = YES;
				SDKROOT = iphoneos;
				SWIFT_COMPILATION_MODE = wholemodule;
				SWIFT_OPTIMIZATION_LEVEL = "-O";
				VALIDATE_PRODUCT = YES;
			};
			name = Release;
		};
		15B6FA6626B3DD3200BE570F /* Debug */ = {
			isa = XCBuildConfiguration;
			buildSettings = {
				ASSETCATALOG_COMPILER_APPICON_NAME = AppIcon;
				ASSETCATALOG_COMPILER_GLOBAL_ACCENT_COLOR_NAME = AccentColor;
				CODE_SIGN_STYLE = Automatic;
				DEVELOPMENT_ASSET_PATHS = "\"CarfaxList/Preview Content\"";
				DEVELOPMENT_TEAM = 62NDBB9Z64;
				ENABLE_PREVIEWS = YES;
				INFOPLIST_FILE = CarfaxList/Info.plist;
				IPHONEOS_DEPLOYMENT_TARGET = 14.0;
				LD_RUNPATH_SEARCH_PATHS = (
					"$(inherited)",
					"@executable_path/Frameworks",
				);
				PRODUCT_BUNDLE_IDENTIFIER = com.khatib.CarfaxList;
				PRODUCT_NAME = "$(TARGET_NAME)";
				SWIFT_VERSION = 5.0;
				TARGETED_DEVICE_FAMILY = "1,2";
			};
			name = Debug;
		};
		15B6FA6726B3DD3200BE570F /* Release */ = {
			isa = XCBuildConfiguration;
			buildSettings = {
				ASSETCATALOG_COMPILER_APPICON_NAME = AppIcon;
				ASSETCATALOG_COMPILER_GLOBAL_ACCENT_COLOR_NAME = AccentColor;
				CODE_SIGN_STYLE = Automatic;
				DEVELOPMENT_ASSET_PATHS = "\"CarfaxList/Preview Content\"";
				DEVELOPMENT_TEAM = 62NDBB9Z64;
				ENABLE_PREVIEWS = YES;
				INFOPLIST_FILE = CarfaxList/Info.plist;
				IPHONEOS_DEPLOYMENT_TARGET = 14.0;
				LD_RUNPATH_SEARCH_PATHS = (
					"$(inherited)",
					"@executable_path/Frameworks",
				);
				PRODUCT_BUNDLE_IDENTIFIER = com.khatib.CarfaxList;
				PRODUCT_NAME = "$(TARGET_NAME)";
				SWIFT_VERSION = 5.0;
				TARGETED_DEVICE_FAMILY = "1,2";
			};
			name = Release;
		};
		15B6FA6926B3DD3200BE570F /* Debug */ = {
			isa = XCBuildConfiguration;
			buildSettings = {
				ALWAYS_EMBED_SWIFT_STANDARD_LIBRARIES = YES;
				BUNDLE_LOADER = "$(TEST_HOST)";
				CODE_SIGN_STYLE = Automatic;
				INFOPLIST_FILE = CarfaxListTests/Info.plist;
				IPHONEOS_DEPLOYMENT_TARGET = 14.0;
				LD_RUNPATH_SEARCH_PATHS = (
					"$(inherited)",
					"@executable_path/Frameworks",
					"@loader_path/Frameworks",
				);
				PRODUCT_BUNDLE_IDENTIFIER = com.khatib.CarfaxListTests;
				PRODUCT_NAME = "$(TARGET_NAME)";
				SWIFT_VERSION = 5.0;
				TARGETED_DEVICE_FAMILY = "1,2";
				TEST_HOST = "$(BUILT_PRODUCTS_DIR)/CarfaxList.app/CarfaxList";
			};
			name = Debug;
		};
		15B6FA6A26B3DD3200BE570F /* Release */ = {
			isa = XCBuildConfiguration;
			buildSettings = {
				ALWAYS_EMBED_SWIFT_STANDARD_LIBRARIES = YES;
				BUNDLE_LOADER = "$(TEST_HOST)";
				CODE_SIGN_STYLE = Automatic;
				INFOPLIST_FILE = CarfaxListTests/Info.plist;
				IPHONEOS_DEPLOYMENT_TARGET = 14.0;
				LD_RUNPATH_SEARCH_PATHS = (
					"$(inherited)",
					"@executable_path/Frameworks",
					"@loader_path/Frameworks",
				);
				PRODUCT_BUNDLE_IDENTIFIER = com.khatib.CarfaxListTests;
				PRODUCT_NAME = "$(TARGET_NAME)";
				SWIFT_VERSION = 5.0;
				TARGETED_DEVICE_FAMILY = "1,2";
				TEST_HOST = "$(BUILT_PRODUCTS_DIR)/CarfaxList.app/CarfaxList";
			};
			name = Release;
		};
		15B6FA6C26B3DD3200BE570F /* Debug */ = {
			isa = XCBuildConfiguration;
			buildSettings = {
				ALWAYS_EMBED_SWIFT_STANDARD_LIBRARIES = YES;
				CODE_SIGN_STYLE = Automatic;
				INFOPLIST_FILE = CarfaxListUITests/Info.plist;
				LD_RUNPATH_SEARCH_PATHS = (
					"$(inherited)",
					"@executable_path/Frameworks",
					"@loader_path/Frameworks",
				);
				PRODUCT_BUNDLE_IDENTIFIER = com.khatib.CarfaxListUITests;
				PRODUCT_NAME = "$(TARGET_NAME)";
				SWIFT_VERSION = 5.0;
				TARGETED_DEVICE_FAMILY = "1,2";
				TEST_TARGET_NAME = CarfaxList;
			};
			name = Debug;
		};
		15B6FA6D26B3DD3200BE570F /* Release */ = {
			isa = XCBuildConfiguration;
			buildSettings = {
				ALWAYS_EMBED_SWIFT_STANDARD_LIBRARIES = YES;
				CODE_SIGN_STYLE = Automatic;
				INFOPLIST_FILE = CarfaxListUITests/Info.plist;
				LD_RUNPATH_SEARCH_PATHS = (
					"$(inherited)",
					"@executable_path/Frameworks",
					"@loader_path/Frameworks",
				);
				PRODUCT_BUNDLE_IDENTIFIER = com.khatib.CarfaxListUITests;
				PRODUCT_NAME = "$(TARGET_NAME)";
				SWIFT_VERSION = 5.0;
				TARGETED_DEVICE_FAMILY = "1,2";
				TEST_TARGET_NAME = CarfaxList;
			};
			name = Release;
		};
/* End XCBuildConfiguration section */

/* Begin XCConfigurationList section */
		15B6FA3B26B3DD2900BE570F /* Build configuration list for PBXProject "CarfaxList" */ = {
			isa = XCConfigurationList;
			buildConfigurations = (
				15B6FA6326B3DD3200BE570F /* Debug */,
				15B6FA6426B3DD3200BE570F /* Release */,
			);
			defaultConfigurationIsVisible = 0;
			defaultConfigurationName = Release;
		};
		15B6FA6526B3DD3200BE570F /* Build configuration list for PBXNativeTarget "CarfaxList" */ = {
			isa = XCConfigurationList;
			buildConfigurations = (
				15B6FA6626B3DD3200BE570F /* Debug */,
				15B6FA6726B3DD3200BE570F /* Release */,
			);
			defaultConfigurationIsVisible = 0;
			defaultConfigurationName = Release;
		};
		15B6FA6826B3DD3200BE570F /* Build configuration list for PBXNativeTarget "CarfaxListTests" */ = {
			isa = XCConfigurationList;
			buildConfigurations = (
				15B6FA6926B3DD3200BE570F /* Debug */,
				15B6FA6A26B3DD3200BE570F /* Release */,
			);
			defaultConfigurationIsVisible = 0;
			defaultConfigurationName = Release;
		};
		15B6FA6B26B3DD3200BE570F /* Build configuration list for PBXNativeTarget "CarfaxListUITests" */ = {
			isa = XCConfigurationList;
			buildConfigurations = (
				15B6FA6C26B3DD3200BE570F /* Debug */,
				15B6FA6D26B3DD3200BE570F /* Release */,
			);
			defaultConfigurationIsVisible = 0;
			defaultConfigurationName = Release;
		};
/* End XCConfigurationList section */
	};
	rootObject = 15B6FA3826B3DD2900BE570F /* Project object */;
}
